
Microsoft Visual Studio Solution File, Format Version 12.00
# Visual Studio 2013
VisualStudioVersion = 12.0.21005.1
MinimumVisualStudioVersion = 10.0.40219.1
Project("{FAE04EC0-301F-11D3-BF4B-00C04F79EFBC}") = "Travelling.LuceneSearch", "Travelling.LuceneSearch\Travelling.LuceneSearch.csproj", "{E6293D95-8153-4276-8678-5DE2D04EB74B}"
EndProject
Project("{FAE04EC0-301F-11D3-BF4B-00C04F79EFBC}") = "Travelling.Data", "Travelling.Data\Travelling.Data.csproj", "{108129C6-F629-48EC-8540-ED00F28BD2A8}"
EndProject
Project("{FAE04EC0-301F-11D3-BF4B-00C04F79EFBC}") = "Travelling.Model", "Travelling.Model\Travelling.Model.csproj", "{B9DCB7C9-2A69-48AD-B98A-67EEA6568C3B}"
EndProject
Project("{FAE04EC0-301F-11D3-BF4B-00C04F79EFBC}") = "Travelling.SearchIndexBuilder", "Travelling.SearchIndexBuilder\Travelling.SearchIndexBuilder.csproj", "{91029442-2E5A-4C60-B994-242D9003EC1F}"
EndProject
Project("{FAE04EC0-301F-11D3-BF4B-00C04F79EFBC}") = "Travelling.CommonUtil", "Travelling.CommonUtil\Travelling.CommonUtil.csproj", "{BBCA9314-9E28-45AD-AFEE-7AC51E98D2E3}"
EndProject
Project("{2150E333-8FDC-42A3-9474-1A3956D46DE8}") = "DBInitilizer", "DBInitilizer", "{209309E1-B539-4463-942A-CE12BC46E728}"
EndProject
Project("{00D1A9C2-B5F0-4AF3-8072-F6C62B433612}") = "TravelDB", "TravelDB\TravelDB.sqlproj", "{6D3F6C46-8284-49B1-85DB-FAB1EF435E53}"
EndProject
Project("{FAE04EC0-301F-11D3-BF4B-00C04F79EFBC}") = "CtripCodeListInitilizer", "DBInitilizer\CtripCodeListInitilizer\CtripCodeListInitilizer.csproj", "{8C4521C2-E344-4F81-97B2-4E5D50D41B2B}"
EndProject
Project("{FAE04EC0-301F-11D3-BF4B-00C04F79EFBC}") = "CTripSyncCapture", "DBInitilizer\CTripSyncCapture\CTripSyncCapture.csproj", "{BA8721F1-A817-41D4-ABA6-01A16DDADA65}"
EndProject
Project("{FAE04EC0-301F-11D3-BF4B-00C04F79EFBC}") = "DAL", "DBInitilizer\DAL\DAL.csproj", "{3071703A-2812-45F5-91F5-DB32678E028B}"
EndProject
Project("{FAE04EC0-301F-11D3-BF4B-00C04F79EFBC}") = "Model", "DBInitilizer\Model\Model.csproj", "{D862C242-01BD-4210-83C4-80A0C3344A57}"
EndProject
Project("{FAE04EC0-301F-11D3-BF4B-00C04F79EFBC}") = "Travelling.Unitity", "DBInitilizer\Travelling.Unitity\Travelling.Unitity.csproj", "{E5F2A385-2EE7-473A-B257-1541B54FC23C}"
EndProject
Global
	GlobalSection(SolutionConfigurationPlatforms) = preSolution
		Debug|Any CPU = Debug|Any CPU
		Release|Any CPU = Release|Any CPU
	EndGlobalSection
	GlobalSection(ProjectConfigurationPlatforms) = postSolution
		{E6293D95-8153-4276-8678-5DE2D04EB74B}.Debug|Any CPU.ActiveCfg = Debug|Any CPU
		{E6293D95-8153-4276-8678-5DE2D04EB74B}.Debug|Any CPU.Build.0 = Debug|Any CPU
		{E6293D95-8153-4276-8678-5DE2D04EB74B}.Release|Any CPU.ActiveCfg = Release|Any CPU
		{E6293D95-8153-4276-8678-5DE2D04EB74B}.Release|Any CPU.Build.0 = Release|Any CPU
		{108129C6-F629-48EC-8540-ED00F28BD2A8}.Debug|Any CPU.ActiveCfg = Debug|Any CPU
		{108129C6-F629-48EC-8540-ED00F28BD2A8}.Debug|Any CPU.Build.0 = Debug|Any CPU
		{108129C6-F629-48EC-8540-ED00F28BD2A8}.Release|Any CPU.ActiveCfg = Release|Any CPU
		{108129C6-F629-48EC-8540-ED00F28BD2A8}.Release|Any CPU.Build.0 = Release|Any CPU
		{B9DCB7C9-2A69-48AD-B98A-67EEA6568C3B}.Debug|Any CPU.ActiveCfg = Debug|Any CPU
		{B9DCB7C9-2A69-48AD-B98A-67EEA6568C3B}.Debug|Any CPU.Build.0 = Debug|Any CPU
		{B9DCB7C9-2A69-48AD-B98A-67EEA6568C3B}.Release|Any CPU.ActiveCfg = Release|Any CPU
		{B9DCB7C9-2A69-48AD-B98A-67EEA6568C3B}.Release|Any CPU.Build.0 = Release|Any CPU
		{91029442-2E5A-4C60-B994-242D9003EC1F}.Debug|Any CPU.ActiveCfg = Debug|Any CPU
		{91029442-2E5A-4C60-B994-242D9003EC1F}.Debug|Any CPU.Build.0 = Debug|Any CPU
		{91029442-2E5A-4C60-B994-242D9003EC1F}.Release|Any CPU.ActiveCfg = Release|Any CPU
		{91029442-2E5A-4C60-B994-242D9003EC1F}.Release|Any CPU.Build.0 = Release|Any CPU
		{BBCA9314-9E28-45AD-AFEE-7AC51E98D2E3}.Debug|Any CPU.ActiveCfg = Debug|Any CPU
		{BBCA9314-9E28-45AD-AFEE-7AC51E98D2E3}.Debug|Any CPU.Build.0 = Debug|Any CPU
		{BBCA9314-9E28-45AD-AFEE-7AC51E98D2E3}.Release|Any CPU.ActiveCfg = Release|Any CPU
		{BBCA9314-9E28-45AD-AFEE-7AC51E98D2E3}.Release|Any CPU.Build.0 = Release|Any CPU
		{6D3F6C46-8284-49B1-85DB-FAB1EF435E53}.Debug|Any CPU.ActiveCfg = Debug|Any CPU
		{6D3F6C46-8284-49B1-85DB-FAB1EF435E53}.Debug|Any CPU.Build.0 = Debug|Any CPU
		{6D3F6C46-8284-49B1-85DB-FAB1EF435E53}.Debug|Any CPU.Deploy.0 = Debug|Any CPU
		{6D3F6C46-8284-49B1-85DB-FAB1EF435E53}.Release|Any CPU.ActiveCfg = Release|Any CPU
		{6D3F6C46-8284-49B1-85DB-FAB1EF435E53}.Release|Any CPU.Build.0 = Release|Any CPU
		{6D3F6C46-8284-49B1-85DB-FAB1EF435E53}.Release|Any CPU.Deploy.0 = Release|Any CPU
		{8C4521C2-E344-4F81-97B2-4E5D50D41B2B}.Debug|Any CPU.ActiveCfg = Debug|Any CPU
		{8C4521C2-E344-4F81-97B2-4E5D50D41B2B}.Debug|Any CPU.Build.0 = Debug|Any CPU
		{8C4521C2-E344-4F81-97B2-4E5D50D41B2B}.Release|Any CPU.ActiveCfg = Release|Any CPU
		{8C4521C2-E344-4F81-97B2-4E5D50D41B2B}.Release|Any CPU.Build.0 = Release|Any CPU
		{BA8721F1-A817-41D4-ABA6-01A16DDADA65}.Debug|Any CPU.ActiveCfg = Debug|Any CPU
		{BA8721F1-A817-41D4-ABA6-01A16DDADA65}.Debug|Any CPU.Build.0 = Debug|Any CPU
		{BA8721F1-A817-41D4-ABA6-01A16DDADA65}.Release|Any CPU.ActiveCfg = Release|Any CPU
		{BA8721F1-A817-41D4-ABA6-01A16DDADA65}.Release|Any CPU.Build.0 = Release|Any CPU
		{3071703A-2812-45F5-91F5-DB32678E028B}.Debug|Any CPU.ActiveCfg = Debug|Any CPU
		{3071703A-2812-45F5-91F5-DB32678E028B}.Debug|Any CPU.Build.0 = Debug|Any CPU
		{3071703A-2812-45F5-91F5-DB32678E028B}.Release|Any CPU.ActiveCfg = Release|Any CPU
		{3071703A-2812-45F5-91F5-DB32678E028B}.Release|Any CPU.Build.0 = Release|Any CPU
		{D862C242-01BD-4210-83C4-80A0C3344A57}.Debug|Any CPU.ActiveCfg = Debug|Any CPU
		{D862C242-01BD-4210-83C4-80A0C3344A57}.Debug|Any CPU.Build.0 = Debug|Any CPU
		{D862C242-01BD-4210-83C4-80A0C3344A57}.Release|Any CPU.ActiveCfg = Release|Any CPU
		{D862C242-01BD-4210-83C4-80A0C3344A57}.Release|Any CPU.Build.0 = Release|Any CPU
		{E5F2A385-2EE7-473A-B257-1541B54FC23C}.Debug|Any CPU.ActiveCfg = Debug|Any CPU
		{E5F2A385-2EE7-473A-B257-1541B54FC23C}.Debug|Any CPU.Build.0 = Debug|Any CPU
		{E5F2A385-2EE7-473A-B257-1541B54FC23C}.Release|Any CPU.ActiveCfg = Release|Any CPU
		{E5F2A385-2EE7-473A-B257-1541B54FC23C}.Release|Any CPU.Build.0 = Release|Any CPU
	EndGlobalSection
	GlobalSection(SolutionProperties) = preSolution
		HideSolutionNode = FALSE
	EndGlobalSection
	GlobalSection(NestedProjects) = preSolution
		{6D3F6C46-8284-49B1-85DB-FAB1EF435E53} = {209309E1-B539-4463-942A-CE12BC46E728}
		{8C4521C2-E344-4F81-97B2-4E5D50D41B2B} = {209309E1-B539-4463-942A-CE12BC46E728}
		{BA8721F1-A817-41D4-ABA6-01A16DDADA65} = {209309E1-B539-4463-942A-CE12BC46E728}
		{3071703A-2812-45F5-91F5-DB32678E028B} = {209309E1-B539-4463-942A-CE12BC46E728}
		{D862C242-01BD-4210-83C4-80A0C3344A57} = {209309E1-B539-4463-942A-CE12BC46E728}
		{E5F2A385-2EE7-473A-B257-1541B54FC23C} = {209309E1-B539-4463-942A-CE12BC46E728}
	EndGlobalSection
EndGlobal
